// !$*UTF8*$!
{
	archiveVersion = 1;
	classes = {
	};
	objectVersion = 55;
	objects = {

/* Begin PBXBuildFile section */
		58037E332795137E00575A02 /* AppDelegate.swift in Sources */ = {isa = PBXBuildFile; fileRef = 58037E322795137E00575A02 /* AppDelegate.swift */; };
		58037E352795137E00575A02 /* SceneDelegate.swift in Sources */ = {isa = PBXBuildFile; fileRef = 58037E342795137E00575A02 /* SceneDelegate.swift */; };
		58037E372795137E00575A02 /* ViewController.swift in Sources */ = {isa = PBXBuildFile; fileRef = 58037E362795137E00575A02 /* ViewController.swift */; };
		58037E3A2795137E00575A02 /* Main.storyboard in Resources */ = {isa = PBXBuildFile; fileRef = 58037E382795137E00575A02 /* Main.storyboard */; };
		58037E3C2795138300575A02 /* Assets.xcassets in Resources */ = {isa = PBXBuildFile; fileRef = 58037E3B2795138300575A02 /* Assets.xcassets */; };
		58037E3F2795138300575A02 /* LaunchScreen.storyboard in Resources */ = {isa = PBXBuildFile; fileRef = 58037E3D2795138300575A02 /* LaunchScreen.storyboard */; };
		58037E4A2795138300575A02 /* PreworkTests.swift in Sources */ = {isa = PBXBuildFile; fileRef = 58037E492795138300575A02 /* PreworkTests.swift */; };
		58037E542795138300575A02 /* PreworkUITests.swift in Sources */ = {isa = PBXBuildFile; fileRef = 58037E532795138300575A02 /* PreworkUITests.swift */; };
		58037E562795138300575A02 /* PreworkUITestsLaunchTests.swift in Sources */ = {isa = PBXBuildFile; fileRef = 58037E552795138300575A02 /* PreworkUITestsLaunchTests.swift */; };
		58037E632795229800575A02 /* SettingsViewController.swift in Sources */ = {isa = PBXBuildFile; fileRef = 58037E622795229800575A02 /* SettingsViewController.swift */; };
/* End PBXBuildFile section */

/* Begin PBXContainerItemProxy section */
		58037E462795138300575A02 /* PBXContainerItemProxy */ = {
			isa = PBXContainerItemProxy;
			containerPortal = 58037E272795137E00575A02 /* Project object */;
			proxyType = 1;
			remoteGlobalIDString = 58037E2E2795137E00575A02;
			remoteInfo = Prework;
		};
		58037E502795138300575A02 /* PBXContainerItemProxy */ = {
			isa = PBXContainerItemProxy;
			containerPortal = 58037E272795137E00575A02 /* Project object */;
			proxyType = 1;
			remoteGlobalIDString = 58037E2E2795137E00575A02;
			remoteInfo = Prework;
		};
/* End PBXContainerItemProxy section */

/* Begin PBXFileReference section */
		58037E2F2795137E00575A02 /* Prework.app */ = {isa = PBXFileReference; explicitFileType = wrapper.application; includeInIndex = 0; path = Prework.app; sourceTree = BUILT_PRODUCTS_DIR; };
		58037E322795137E00575A02 /* AppDelegate.swift */ = {isa = PBXFileReference; lastKnownFileType = sourcecode.swift; path = AppDelegate.swift; sourceTree = "<group>"; };
		58037E342795137E00575A02 /* SceneDelegate.swift */ = {isa = PBXFileReference; lastKnownFileType = sourcecode.swift; path = SceneDelegate.swift; sourceTree = "<group>"; };
		58037E362795137E00575A02 /* ViewController.swift */ = {isa = PBXFileReference; lastKnownFileType = sourcecode.swift; path = ViewController.swift; sourceTree = "<group>"; };
		58037E392795137E00575A02 /* Base */ = {isa = PBXFileReference; lastKnownFileType = file.storyboard; name = Base; path = Base.lproj/Main.storyboard; sourceTree = "<group>"; };
		58037E3B2795138300575A02 /* Assets.xcassets */ = {isa = PBXFileReference; lastKnownFileType = folder.assetcatalog; path = Assets.xcassets; sourceTree = "<group>"; };
		58037E3E2795138300575A02 /* Base */ = {isa = PBXFileReference; lastKnownFileType = file.storyboard; name = Base; path = Base.lproj/LaunchScreen.storyboard; sourceTree = "<group>"; };
		58037E402795138300575A02 /* Info.plist */ = {isa = PBXFileReference; lastKnownFileType = text.plist.xml; path = Info.plist; sourceTree = "<group>"; };
		58037E452795138300575A02 /* PreworkTests.xctest */ = {isa = PBXFileReference; explicitFileType = wrapper.cfbundle; includeInIndex = 0; path = PreworkTests.xctest; sourceTree = BUILT_PRODUCTS_DIR; };
		58037E492795138300575A02 /* PreworkTests.swift */ = {isa = PBXFileReference; lastKnownFileType = sourcecode.swift; path = PreworkTests.swift; sourceTree = "<group>"; };
		58037E4F2795138300575A02 /* PreworkUITests.xctest */ = {isa = PBXFileReference; explicitFileType = wrapper.cfbundle; includeInIndex = 0; path = PreworkUITests.xctest; sourceTree = BUILT_PRODUCTS_DIR; };
		58037E532795138300575A02 /* PreworkUITests.swift */ = {isa = PBXFileReference; lastKnownFileType = sourcecode.swift; path = PreworkUITests.swift; sourceTree = "<group>"; };
		58037E552795138300575A02 /* PreworkUITestsLaunchTests.swift */ = {isa = PBXFileReference; lastKnownFileType = sourcecode.swift; path = PreworkUITestsLaunchTests.swift; sourceTree = "<group>"; };
		58037E622795229800575A02 /* SettingsViewController.swift */ = {isa = PBXFileReference; lastKnownFileType = sourcecode.swift; path = SettingsViewController.swift; sourceTree = "<group>"; };
/* End PBXFileReference section */

/* Begin PBXFrameworksBuildPhase section */
		58037E2C2795137E00575A02 /* Frameworks */ = {
			isa = PBXFrameworksBuildPhase;
			buildActionMask = 2147483647;
			files = (
			);
			runOnlyForDeploymentPostprocessing = 0;
		};
		58037E422795138300575A02 /* Frameworks */ = {
			isa = PBXFrameworksBuildPhase;
			buildActionMask = 2147483647;
			files = (
			);
			runOnlyForDeploymentPostprocessing = 0;
		};
		58037E4C2795138300575A02 /* Frameworks */ = {
			isa = PBXFrameworksBuildPhase;
			buildActionMask = 2147483647;
			files = (
			);
			runOnlyForDeploymentPostprocessing = 0;
		};
/* End PBXFrameworksBuildPhase section */

/* Begin PBXGroup section */
		58037E262795137E00575A02 = {
			isa = PBXGroup;
			children = (
				58037E312795137E00575A02 /* Prework */,
				58037E482795138300575A02 /* PreworkTests */,
				58037E522795138300575A02 /* PreworkUITests */,
				58037E302795137E00575A02 /* Products */,
			);
			sourceTree = "<group>";
		};
		58037E302795137E00575A02 /* Products */ = {
			isa = PBXGroup;
			children = (
				58037E2F2795137E00575A02 /* Prework.app */,
				58037E452795138300575A02 /* PreworkTests.xctest */,
				58037E4F2795138300575A02 /* PreworkUITests.xctest */,
			);
			name = Products;
			sourceTree = "<group>";
		};
		58037E312795137E00575A02 /* Prework */ = {
			isa = PBXGroup;
			children = (
				58037E322795137E00575A02 /* AppDelegate.swift */,
				58037E342795137E00575A02 /* SceneDelegate.swift */,
				58037E362795137E00575A02 /* ViewController.swift */,
				58037E382795137E00575A02 /* Main.storyboard */,
				58037E622795229800575A02 /* SettingsViewController.swift */,
				58037E3B2795138300575A02 /* Assets.xcassets */,
				58037E3D2795138300575A02 /* LaunchScreen.storyboard */,
				58037E402795138300575A02 /* Info.plist */,
			);
			path = Prework;
			sourceTree = "<group>";
		};
		58037E482795138300575A02 /* PreworkTests */ = {
			isa = PBXGroup;
			children = (
				58037E492795138300575A02 /* PreworkTests.swift */,
			);
			path = PreworkTests;
			sourceTree = "<group>";
		};
		58037E522795138300575A02 /* PreworkUITests */ = {
			isa = PBXGroup;
			children = (
				58037E532795138300575A02 /* PreworkUITests.swift */,
				58037E552795138300575A02 /* PreworkUITestsLaunchTests.swift */,
			);
			path = PreworkUITests;
			sourceTree = "<group>";
		};
/* End PBXGroup section */

/* Begin PBXNativeTarget section */
		58037E2E2795137E00575A02 /* Prework */ = {
			isa = PBXNativeTarget;
			buildConfigurationList = 58037E592795138300575A02 /* Build configuration list for PBXNativeTarget "Prework" */;
			buildPhases = (
				58037E2B2795137E00575A02 /* Sources */,
				58037E2C2795137E00575A02 /* Frameworks */,
				58037E2D2795137E00575A02 /* Resources */,
			);
			buildRules = (
			);
			dependencies = (
			);
			name = Prework;
			productName = Prework;
			productReference = 58037E2F2795137E00575A02 /* Prework.app */;
			productType = "com.apple.product-type.application";
		};
		58037E442795138300575A02 /* PreworkTests */ = {
			isa = PBXNativeTarget;
			buildConfigurationList = 58037E5C2795138300575A02 /* Build configuration list for PBXNativeTarget "PreworkTests" */;
			buildPhases = (
				58037E412795138300575A02 /* Sources */,
				58037E422795138300575A02 /* Frameworks */,
				58037E432795138300575A02 /* Resources */,
			);
			buildRules = (
			);
			dependencies = (
				58037E472795138300575A02 /* PBXTargetDependency */,
			);
			name = PreworkTests;
			productName = PreworkTests;
			productReference = 58037E452795138300575A02 /* PreworkTests.xctest */;
			productType = "com.apple.product-type.bundle.unit-test";
		};
		58037E4E2795138300575A02 /* PreworkUITests */ = {
			isa = PBXNativeTarget;
			buildConfigurationList = 58037E5F2795138300575A02 /* Build configuration list for PBXNativeTarget "PreworkUITests" */;
			buildPhases = (
				58037E4B2795138300575A02 /* Sources */,
				58037E4C2795138300575A02 /* Frameworks */,
				58037E4D2795138300575A02 /* Resources */,
			);
			buildRules = (
			);
			dependencies = (
				58037E512795138300575A02 /* PBXTargetDependency */,
			);
			name = PreworkUITests;
			productName = PreworkUITests;
			productReference = 58037E4F2795138300575A02 /* PreworkUITests.xctest */;
			productType = "com.apple.product-type.bundle.ui-testing";
		};
/* End PBXNativeTarget section */

/* Begin PBXProject section */
		58037E272795137E00575A02 /* Project object */ = {
			isa = PBXProject;
			attributes = {
				BuildIndependentTargetsInParallel = 1;
				LastSwiftUpdateCheck = 1320;
				LastUpgradeCheck = 1320;
				TargetAttributes = {
					58037E2E2795137E00575A02 = {
						CreatedOnToolsVersion = 13.2.1;
					};
					58037E442795138300575A02 = {
						CreatedOnToolsVersion = 13.2.1;
						TestTargetID = 58037E2E2795137E00575A02;
					};
					58037E4E2795138300575A02 = {
						CreatedOnToolsVersion = 13.2.1;
						TestTargetID = 58037E2E2795137E00575A02;
					};
				};
			};
			buildConfigurationList = 58037E2A2795137E00575A02 /* Build configuration list for PBXProject "Prework" */;
			compatibilityVersion = "Xcode 13.0";
			developmentRegion = en;
			hasScannedForEncodings = 0;
			knownRegions = (
				en,
				Base,
			);
			mainGroup = 58037E262795137E00575A02;
			productRefGroup = 58037E302795137E00575A02 /* Products */;
			projectDirPath = "";
			projectRoot = "";
			targets = (
				58037E2E2795137E00575A02 /* Prework */,
				58037E442795138300575A02 /* PreworkTests */,
				58037E4E2795138300575A02 /* PreworkUITests */,
			);
		};
/* End PBXProject section */

/* Begin PBXResourcesBuildPhase section */
		58037E2D2795137E00575A02 /* Resources */ = {
			isa = PBXResourcesBuildPhase;
			buildActionMask = 2147483647;
			files = (
				58037E3F2795138300575A02 /* LaunchScreen.storyboard in Resources */,
				58037E3C2795138300575A02 /* Assets.xcassets in Resources */,
				58037E3A2795137E00575A02 /* Main.storyboard in Resources */,
			);
			runOnlyForDeploymentPostprocessing = 0;
		};
		58037E432795138300575A02 /* Resources */ = {
			isa = PBXResourcesBuildPhase;
			buildActionMask = 2147483647;
			files = (
			);
			runOnlyForDeploymentPostprocessing = 0;
		};
		58037E4D2795138300575A02 /* Resources */ = {
			isa = PBXResourcesBuildPhase;
			buildActionMask = 2147483647;
			files = (
			);
			runOnlyForDeploymentPostprocessing = 0;
		};
/* End PBXResourcesBuildPhase section */

/* Begin PBXSourcesBuildPhase section */
		58037E2B2795137E00575A02 /* Sources */ = {
			isa = PBXSourcesBuildPhase;
			buildActionMask = 2147483647;
			files = (
				58037E372795137E00575A02 /* ViewController.swift in Sources */,
				58037E332795137E00575A02 /* AppDelegate.swift in Sources */,
				58037E352795137E00575A02 /* SceneDelegate.swift in Sources */,
				58037E632795229800575A02 /* SettingsViewController.swift in Sources */,
			);
			runOnlyForDeploymentPostprocessing = 0;
		};
		58037E412795138300575A02 /* Sources */ = {
			isa = PBXSourcesBuildPhase;
			buildActionMask = 2147483647;
			files = (
				58037E4A2795138300575A02 /* PreworkTests.swift in Sources */,
			);
			runOnlyForDeploymentPostprocessing = 0;
		};
		58037E4B2795138300575A02 /* Sources */ = {
			isa = PBXSourcesBuildPhase;
			buildActionMask = 2147483647;
			files = (
				58037E542795138300575A02 /* PreworkUITests.swift in Sources */,
				58037E562795138300575A02 /* PreworkUITestsLaunchTests.swift in Sources */,
			);
			runOnlyForDeploymentPostprocessing = 0;
		};
/* End PBXSourcesBuildPhase section */

/* Begin PBXTargetDependency section */
		58037E472795138300575A02 /* PBXTargetDependency */ = {
			isa = PBXTargetDependency;
			target = 58037E2E2795137E00575A02 /* Prework */;
			targetProxy = 58037E462795138300575A02 /* PBXContainerItemProxy */;
		};
		58037E512795138300575A02 /* PBXTargetDependency */ = {
			isa = PBXTargetDependency;
			target = 58037E2E2795137E00575A02 /* Prework */;
			targetProxy = 58037E502795138300575A02 /* PBXContainerItemProxy */;
		};
/* End PBXTargetDependency section */

/* Begin PBXVariantGroup section */
		58037E382795137E00575A02 /* Main.storyboard */ = {
			isa = PBXVariantGroup;
			children = (
				58037E392795137E00575A02 /* Base */,
			);
			name = Main.storyboard;
			sourceTree = "<group>";
		};
		58037E3D2795138300575A02 /* LaunchScreen.storyboard */ = {
			isa = PBXVariantGroup;
			children = (
				58037E3E2795138300575A02 /* Base */,
			);
			name = LaunchScreen.storyboard;
			sourceTree = "<group>";
		};
/* End PBXVariantGroup section */

/* Begin XCBuildConfiguration section */
		58037E572795138300575A02 /* Debug */ = {
			isa = XCBuildConfiguration;
			buildSettings = {
				ALWAYS_SEARCH_USER_PATHS = NO;
				CLANG_ANALYZER_NONNULL = YES;
				CLANG_ANALYZER_NUMBER_OBJECT_CONVERSION = YES_AGGRESSIVE;
				CLANG_CXX_LANGUAGE_STANDARD = "gnu++17";
				CLANG_CXX_LIBRARY = "libc++";
				CLANG_ENABLE_MODULES = YES;
				CLANG_ENABLE_OBJC_ARC = YES;
				CLANG_ENABLE_OBJC_WEAK = YES;
				CLANG_WARN_BLOCK_CAPTURE_AUTORELEASING = YES;
				CLANG_WARN_BOOL_CONVERSION = YES;
				CLANG_WARN_COMMA = YES;
				CLANG_WARN_CONSTANT_CONVERSION = YES;
				CLANG_WARN_DEPRECATED_OBJC_IMPLEMENTATIONS = YES;
				CLANG_WARN_DIRECT_OBJC_ISA_USAGE = YES_ERROR;
				CLANG_WARN_DOCUMENTATION_COMMENTS = YES;
				CLANG_WARN_EMPTY_BODY = YES;
				CLANG_WARN_ENUM_CONVERSION = YES;
				CLANG_WARN_INFINITE_RECURSION = YES;
				CLANG_WARN_INT_CONVERSION = YES;
				CLANG_WARN_NON_LITERAL_NULL_CONVERSION = YES;
				CLANG_WARN_OBJC_IMPLICIT_RETAIN_SELF = YES;
				CLANG_WARN_OBJC_LITERAL_CONVERSION = YES;
				CLANG_WARN_OBJC_ROOT_CLASS = YES_ERROR;
				CLANG_WARN_QUOTED_INCLUDE_IN_FRAMEWORK_HEADER = YES;
				CLANG_WARN_RANGE_LOOP_ANALYSIS = YES;
				CLANG_WARN_STRICT_PROTOTYPES = YES;
				CLANG_WARN_SUSPICIOUS_MOVE = YES;
				CLANG_WARN_UNGUARDED_AVAILABILITY = YES_AGGRESSIVE;
				CLANG_WARN_UNREACHABLE_CODE = YES;
				CLANG_WARN__DUPLICATE_METHOD_MATCH = YES;
				COPY_PHASE_STRIP = NO;
				DEBUG_INFORMATION_FORMAT = dwarf;
				ENABLE_STRICT_OBJC_MSGSEND = YES;
				ENABLE_TESTABILITY = YES;
				GCC_C_LANGUAGE_STANDARD = gnu11;
				GCC_DYNAMIC_NO_PIC = NO;
				GCC_NO_COMMON_BLOCKS = YES;
				GCC_OPTIMIZATION_LEVEL = 0;
				GCC_PREPROCESSOR_DEFINITIONS = (
					"DEBUG=1",
					"$(inherited)",
				);
				GCC_WARN_64_TO_32_BIT_CONVERSION = YES;
				GCC_WARN_ABOUT_RETURN_TYPE = YES_ERROR;
				GCC_WARN_UNDECLARED_SELECTOR = YES;
				GCC_WARN_UNINITIALIZED_AUTOS = YES_AGGRESSIVE;
				GCC_WARN_UNUSED_FUNCTION = YES;
				GCC_WARN_UNUSED_VARIABLE = YES;
				IPHONEOS_DEPLOYMENT_TARGET = 15.2;
				MTL_ENABLE_DEBUG_INFO = INCLUDE_SOURCE;
				MTL_FAST_MATH = YES;
				ONLY_ACTIVE_ARCH = YES;
				SDKROOT = iphoneos;
				SWIFT_ACTIVE_COMPILATION_CONDITIONS = DEBUG;
				SWIFT_OPTIMIZATION_LEVEL = "-Onone";
			};
			name = Debug;
		};
		58037E582795138300575A02 /* Release */ = {
			isa = XCBuildConfiguration;
			buildSettings = {
				ALWAYS_SEARCH_USER_PATHS = NO;
				CLANG_ANALYZER_NONNULL = YES;
				CLANG_ANALYZER_NUMBER_OBJECT_CONVERSION = YES_AGGRESSIVE;
				CLANG_CXX_LANGUAGE_STANDARD = "gnu++17";
				CLANG_CXX_LIBRARY = "libc++";
				CLANG_ENABLE_MODULES = YES;
				CLANG_ENABLE_OBJC_ARC = YES;
				CLANG_ENABLE_OBJC_WEAK = YES;
				CLANG_WARN_BLOCK_CAPTURE_AUTORELEASING = YES;
				CLANG_WARN_BOOL_CONVERSION = YES;
				CLANG_WARN_COMMA = YES;
				CLANG_WARN_CONSTANT_CONVERSION = YES;
				CLANG_WARN_DEPRECATED_OBJC_IMPLEMENTATIONS = YES;
				CLANG_WARN_DIRECT_OBJC_ISA_USAGE = YES_ERROR;
				CLANG_WARN_DOCUMENTATION_COMMENTS = YES;
				CLANG_WARN_EMPTY_BODY = YES;
				CLANG_WARN_ENUM_CONVERSION = YES;
				CLANG_WARN_INFINITE_RECURSION = YES;
				CLANG_WARN_INT_CONVERSION = YES;
				CLANG_WARN_NON_LITERAL_NULL_CONVERSION = YES;
				CLANG_WARN_OBJC_IMPLICIT_RETAIN_SELF = YES;
				CLANG_WARN_OBJC_LITERAL_CONVERSION = YES;
				CLANG_WARN_OBJC_ROOT_CLASS = YES_ERROR;
				CLANG_WARN_QUOTED_INCLUDE_IN_FRAMEWORK_HEADER = YES;
				CLANG_WARN_RANGE_LOOP_ANALYSIS = YES;
				CLANG_WARN_STRICT_PROTOTYPES = YES;
				CLANG_WARN_SUSPICIOUS_MOVE = YES;
				CLANG_WARN_UNGUARDED_AVAILABILITY = YES_AGGRESSIVE;
				CLANG_WARN_UNREACHABLE_CODE = YES;
				CLANG_WARN__DUPLICATE_METHOD_MATCH = YES;
				COPY_PHASE_STRIP = NO;
				DEBUG_INFORMATION_FORMAT = "dwarf-with-dsym";
				ENABLE_NS_ASSERTIONS = NO;
				ENABLE_STRICT_OBJC_MSGSEND = YES;
				GCC_C_LANGUAGE_STANDARD = gnu11;
				GCC_NO_COMMON_BLOCKS = YES;
				GCC_WARN_64_TO_32_BIT_CONVERSION = YES;
				GCC_WARN_ABOUT_RETURN_TYPE = YES_ERROR;
				GCC_WARN_UNDECLARED_SELECTOR = YES;
				GCC_WARN_UNINITIALIZED_AUTOS = YES_AGGRESSIVE;
				GCC_WARN_UNUSED_FUNCTION = YES;
				GCC_WARN_UNUSED_VARIABLE = YES;
				IPHONEOS_DEPLOYMENT_TARGET = 15.2;
				MTL_ENABLE_DEBUG_INFO = NO;
				MTL_FAST_MATH = YES;
				SDKROOT = iphoneos;
				SWIFT_COMPILATION_MODE = wholemodule;
				SWIFT_OPTIMIZATION_LEVEL = "-O";
				VALIDATE_PRODUCT = YES;
			};
			name = Release;
		};
		58037E5A2795138300575A02 /* Debug */ = {
			isa = XCBuildConfiguration;
			buildSettings = {
				ASSETCATALOG_COMPILER_APPICON_NAME = AppIcon;
				ASSETCATALOG_COMPILER_GLOBAL_ACCENT_COLOR_NAME = AccentColor;
				CODE_SIGN_STYLE = Automatic;
				CURRENT_PROJECT_VERSION = 1;
				GENERATE_INFOPLIST_FILE = YES;
				INFOPLIST_FILE = Prework/Info.plist;
				INFOPLIST_KEY_UIApplicationSupportsIndirectInputEvents = YES;
				INFOPLIST_KEY_UILaunchStoryboardName = LaunchScreen;
				INFOPLIST_KEY_UIMainStoryboardFile = Main;
				INFOPLIST_KEY_UISupportedInterfaceOrientations_iPad = "UIInterfaceOrientationPortrait UIInterfaceOrientationPortraitUpsideDown UIInterfaceOrientationLandscapeLeft UIInterfaceOrientationLandscapeRight";
				INFOPLIST_KEY_UISupportedInterfaceOrientations_iPhone = "UIInterfaceOrientationPortrait UIInterfaceOrientationLandscapeLeft UIInterfaceOrientationLandscapeRight";
				LD_RUNPATH_SEARCH_PATHS = (
					"$(inherited)",
					"@executable_path/Frameworks",
				);
				MARKETING_VERSION = 1.0;
				PRODUCT_BUNDLE_IDENTIFIER = "Nate-Sanks.Prework";
				PRODUCT_NAME = "$(TARGET_NAME)";
				SWIFT_EMIT_LOC_STRINGS = YES;
				SWIFT_VERSION = 5.0;
				TARGETED_DEVICE_FAMILY = "1,2";
			};
			name = Debug;
		};
		58037E5B2795138300575A02 /* Release */ = {
			isa = XCBuildConfiguration;
			buildSettings = {
				ASSETCATALOG_COMPILER_APPICON_NAME = AppIcon;
				ASSETCATALOG_COMPILER_GLOBAL_ACCENT_COLOR_NAME = AccentColor;
				CODE_SIGN_STYLE = Automatic;
				CURRENT_PROJECT_VERSION = 1;
				GENERATE_INFOPLIST_FILE = YES;
				INFOPLIST_FILE = Prework/Info.plist;
				INFOPLIST_KEY_UIApplicationSupportsIndirectInputEvents = YES;
				INFOPLIST_KEY_UILaunchStoryboardName = LaunchScreen;
				INFOPLIST_KEY_UIMainStoryboardFile = Main;
				INFOPLIST_KEY_UISupportedInterfaceOrientations_iPad = "UIInterfaceOrientationPortrait UIInterfaceOrientationPortraitUpsideDown UIInterfaceOrientationLandscapeLeft UIInterfaceOrientationLandscapeRight";
				INFOPLIST_KEY_UISupportedInterfaceOrientations_iPhone = "UIInterfaceOrientationPortrait UIInterfaceOrientationLandscapeLeft UIInterfaceOrientationLandscapeRight";
				LD_RUNPATH_SEARCH_PATHS = (
					"$(inherited)",
					"@executable_path/Frameworks",
				);
				MARKETING_VERSION = 1.0;
				PRODUCT_BUNDLE_IDENTIFIER = "Nate-Sanks.Prework";
				PRODUCT_NAME = "$(TARGET_NAME)";
				SWIFT_EMIT_LOC_STRINGS = YES;
				SWIFT_VERSION = 5.0;
				TARGETED_DEVICE_FAMILY = "1,2";
			};
			name = Release;
		};
		58037E5D2795138300575A02 /* Debug */ = {
			isa = XCBuildConfiguration;
			buildSettings = {
				ALWAYS_EMBED_SWIFT_STANDARD_LIBRARIES = YES;
				BUNDLE_LOADER = "$(TEST_HOST)";
				CODE_SIGN_STYLE = Automatic;
				CURRENT_PROJECT_VERSION = 1;
				GENERATE_INFOPLIST_FILE = YES;
				IPHONEOS_DEPLOYMENT_TARGET = 15.2;
				MARKETING_VERSION = 1.0;
				PRODUCT_BUNDLE_IDENTIFIER = "Nate-Sanks.PreworkTests";
				PRODUCT_NAME = "$(TARGET_NAME)";
				SWIFT_EMIT_LOC_STRINGS = NO;
				SWIFT_VERSION = 5.0;
				TARGETED_DEVICE_FAMILY = "1,2";
				TEST_HOST = "$(BUILT_PRODUCTS_DIR)/Prework.app/Prework";
			};
			name = Debug;
		};
		58037E5E2795138300575A02 /* Release */ = {
			isa = XCBuildConfiguration;
			buildSettings = {
				ALWAYS_EMBED_SWIFT_STANDARD_LIBRARIES = YES;
				BUNDLE_LOADER = "$(TEST_HOST)";
				CODE_SIGN_STYLE = Automatic;
				CURRENT_PROJECT_VERSION = 1;
				GENERATE_INFOPLIST_FILE = YES;
				IPHONEOS_DEPLOYMENT_TARGET = 15.2;
				MARKETING_VERSION = 1.0;
				PRODUCT_BUNDLE_IDENTIFIER = "Nate-Sanks.PreworkTests";
				PRODUCT_NAME = "$(TARGET_NAME)";
				SWIFT_EMIT_LOC_STRINGS = NO;
				SWIFT_VERSION = 5.0;
				TARGETED_DEVICE_FAMILY = "1,2";
				TEST_HOST = "$(BUILT_PRODUCTS_DIR)/Prework.app/Prework";
			};
			name = Release;
		};
		58037E602795138300575A02 /* Debug */ = {
			isa = XCBuildConfiguration;
			buildSettings = {
				ALWAYS_EMBED_SWIFT_STANDARD_LIBRARIES = YES;
				CODE_SIGN_STYLE = Automatic;
				CURRENT_PROJECT_VERSION = 1;
				GENERATE_INFOPLIST_FILE = YES;
				MARKETING_VERSION = 1.0;
				PRODUCT_BUNDLE_IDENTIFIER = "Nate-Sanks.PreworkUITests";
				PRODUCT_NAME = "$(TARGET_NAME)";
				SWIFT_EMIT_LOC_STRINGS = NO;
				SWIFT_VERSION = 5.0;
				TARGETED_DEVICE_FAMILY = "1,2";
				TEST_TARGET_NAME = Prework;
			};
			name = Debug;
		};
		58037E612795138300575A02 /* Release */ = {
			isa = XCBuildConfiguration;
			buildSettings = {
				ALWAYS_EMBED_SWIFT_STANDARD_LIBRARIES = YES;
				CODE_SIGN_STYLE = Automatic;
				CURRENT_PROJECT_VERSION = 1;
				GENERATE_INFOPLIST_FILE = YES;
				MARKETING_VERSION = 1.0;
				PRODUCT_BUNDLE_IDENTIFIER = "Nate-Sanks.PreworkUITests";
				PRODUCT_NAME = "$(TARGET_NAME)";
				SWIFT_EMIT_LOC_STRINGS = NO;
				SWIFT_VERSION = 5.0;
				TARGETED_DEVICE_FAMILY = "1,2";
				TEST_TARGET_NAME = Prework;
			};
			name = Release;
		};
/* End XCBuildConfiguration section */

/* Begin XCConfigurationList section */
		58037E2A2795137E00575A02 /* Build configuration list for PBXProject "Prework" */ = {
			isa = XCConfigurationList;
			buildConfigurations = (
				58037E572795138300575A02 /* Debug */,
				58037E582795138300575A02 /* Release */,
			);
			defaultConfigurationIsVisible = 0;
			defaultConfigurationName = Release;
		};
		58037E592795138300575A02 /* Build configuration list for PBXNativeTarget "Prework" */ = {
			isa = XCConfigurationList;
			buildConfigurations = (
				58037E5A2795138300575A02 /* Debug */,
				58037E5B2795138300575A02 /* Release */,
			);
			defaultConfigurationIsVisible = 0;
			defaultConfigurationName = Release;
		};
		58037E5C2795138300575A02 /* Build configuration list for PBXNativeTarget "PreworkTests" */ = {
			isa = XCConfigurationList;
			buildConfigurations = (
				58037E5D2795138300575A02 /* Debug */,
				58037E5E2795138300575A02 /* Release */,
			);
			defaultConfigurationIsVisible = 0;
			defaultConfigurationName = Release;
		};
		58037E5F2795138300575A02 /* Build configuration list for PBXNativeTarget "PreworkUITests" */ = {
			isa = XCConfigurationList;
			buildConfigurations = (
				58037E602795138300575A02 /* Debug */,
				58037E612795138300575A02 /* Release */,
			);
			defaultConfigurationIsVisible = 0;
			defaultConfigurationName = Release;
		};
/* End XCConfigurationList section */
	};
	rootObject = 58037E272795137E00575A02 /* Project object */;
}
